PODS:
  - BaiduMapKit (3.2.1)
  - JVFloatLabeledTextField (1.1.1)

DEPENDENCIES:
  - BaiduMapKit
  - JVFloatLabeledTextField

SPEC CHECKSUMS:
  BaiduMapKit: 9c748785aa3dddfc41dcb70c14b21ce32f680930
  JVFloatLabeledTextField: 0e5524b097f102036214dd8279edc8ecf08b5e18

PODFILE CHECKSUM: 91366c40fd15b916ac80421fa8dc6ec5350d7e7c

COCOAPODS: 1.2.0
