PODS:
  - Alamofire (4.4.0)
  - BaiduMapKit (3.3.0)
  - JVFloatLabeledTextField (1.1.1)
  - SVProgressHUD (2.1.2)
  - SwiftyJSON (3.1.4)

DEPENDENCIES:
  - Alamofire
  - BaiduMapKit
  - JVFloatLabeledTextField
  - SVProgressHUD (from `https://github.com/SVProgressHUD/SVProgressHUD.git`)
  - SwiftyJSON

EXTERNAL SOURCES:
  SVProgressHUD:
    :git: https://github.com/SVProgressHUD/SVProgressHUD.git

CHECKOUT OPTIONS:
  SVProgressHUD:
    :commit: f7c8d0d5c9ec60aa7e0682d2f21cb60e8f83d084
    :git: https://github.com/SVProgressHUD/SVProgressHUD.git

SPEC CHECKSUMS:
  Alamofire: dc44b1600b800eb63da6a19039a0083d62a6a62d
  BaiduMapKit: 6517f84bdca032170ee9da39985bb64eba8ed900
  JVFloatLabeledTextField: 0e5524b097f102036214dd8279edc8ecf08b5e18
  SVProgressHUD: d65371a8e4482380deddb9fe60e14e59ddb30eb3
  SwiftyJSON: c2842d878f95482ffceec5709abc3d05680c0220

PODFILE CHECKSUM: 98cd51affad0faa4a587ca75bb9e4ce690d63c80

COCOAPODS: 1.2.0
