// !$*UTF8*$!
{
	archiveVersion = 1;
	classes = {
	};
	objectVersion = 46;
	objects = {

/* Begin PBXBuildFile section */
		B1406FEC1EA6F7E000807323 /* ResetKeyViewController.swift in Sources */ = {isa = PBXBuildFile; fileRef = B1406FEB1EA6F7E000807323 /* ResetKeyViewController.swift */; };
		B1406FF11EA7033E00807323 /* userImage_NameCell.swift in Sources */ = {isa = PBXBuildFile; fileRef = B1406FF01EA7033E00807323 /* userImage_NameCell.swift */; };
		B154EBC91EBC06DE00F25E84 /* BaiduMapAPI_Base.framework in Frameworks */ = {isa = PBXBuildFile; fileRef = B154EBC61EBC06DE00F25E84 /* BaiduMapAPI_Base.framework */; };
		B154EBCA1EBC06DE00F25E84 /* BaiduMapAPI_Location.framework in Frameworks */ = {isa = PBXBuildFile; fileRef = B154EBC71EBC06DE00F25E84 /* BaiduMapAPI_Location.framework */; };
		B154EBCB1EBC06DE00F25E84 /* BaiduMapAPI_Search.framework in Frameworks */ = {isa = PBXBuildFile; fileRef = B154EBC81EBC06DE00F25E84 /* BaiduMapAPI_Search.framework */; };
		B154EBCE1EBC102E00F25E84 /* libcrypto.a in Frameworks */ = {isa = PBXBuildFile; fileRef = B154EBCC1EBC102E00F25E84 /* libcrypto.a */; };
		B154EBCF1EBC102E00F25E84 /* libssl.a in Frameworks */ = {isa = PBXBuildFile; fileRef = B154EBCD1EBC102E00F25E84 /* libssl.a */; };
		B17BD48D1EA04F4F00E6E0B9 /* CoreLocation.framework in Frameworks */ = {isa = PBXBuildFile; fileRef = B17BD48C1EA04F4F00E6E0B9 /* CoreLocation.framework */; };
		B17BD4921EA050DA00E6E0B9 /* libsqlite3.0.tbd in Frameworks */ = {isa = PBXBuildFile; fileRef = B17BD4911EA050DA00E6E0B9 /* libsqlite3.0.tbd */; };
		B17BD49A1EA0512500E6E0B9 /* QuartzCore.framework in Frameworks */ = {isa = PBXBuildFile; fileRef = B17BD4991EA0512500E6E0B9 /* QuartzCore.framework */; };
		B17BD49C1EA0513900E6E0B9 /* OpenGLES.framework in Frameworks */ = {isa = PBXBuildFile; fileRef = B17BD49B1EA0513900E6E0B9 /* OpenGLES.framework */; };
		B17BD49E1EA0514400E6E0B9 /* SystemConfiguration.framework in Frameworks */ = {isa = PBXBuildFile; fileRef = B17BD49D1EA0514400E6E0B9 /* SystemConfiguration.framework */; };
		B17BD4A01EA0515000E6E0B9 /* CoreGraphics.framework in Frameworks */ = {isa = PBXBuildFile; fileRef = B17BD49F1EA0515000E6E0B9 /* CoreGraphics.framework */; };
		B17BD4A21EA0516000E6E0B9 /* Security.framework in Frameworks */ = {isa = PBXBuildFile; fileRef = B17BD4A11EA0516000E6E0B9 /* Security.framework */; };
		B17BD4A41EA0516B00E6E0B9 /* CoreTelephony.framework in Frameworks */ = {isa = PBXBuildFile; fileRef = B17BD4A31EA0516B00E6E0B9 /* CoreTelephony.framework */; };
		B17BD4A61EA0517B00E6E0B9 /* libstdc++.6.0.9.tbd in Frameworks */ = {isa = PBXBuildFile; fileRef = B17BD4A51EA0517B00E6E0B9 /* libstdc++.6.0.9.tbd */; };
		B17BD4AC1EA0CCE500E6E0B9 /* config.swift in Sources */ = {isa = PBXBuildFile; fileRef = B17BD4AB1EA0CCE500E6E0B9 /* config.swift */; };
		B17BD4B11EA0CDCD00E6E0B9 /* MonitorViewController.swift in Sources */ = {isa = PBXBuildFile; fileRef = B17BD4B01EA0CDCD00E6E0B9 /* MonitorViewController.swift */; };
		B17BD4B61EA0CE0500E6E0B9 /* MineViewController.swift in Sources */ = {isa = PBXBuildFile; fileRef = B17BD4B51EA0CE0500E6E0B9 /* MineViewController.swift */; };
		B17BD4B81EA0CE1A00E6E0B9 /* SettingViewController.swift in Sources */ = {isa = PBXBuildFile; fileRef = B17BD4B71EA0CE1A00E6E0B9 /* SettingViewController.swift */; };
		B17EF5DC1EA8782E00BE2CF4 /* HeaderReusableView.swift in Sources */ = {isa = PBXBuildFile; fileRef = B17EF5DB1EA8782E00BE2CF4 /* HeaderReusableView.swift */; };
		B17EF5E01EA8948000BE2CF4 /* My1CollectionViewCell.swift in Sources */ = {isa = PBXBuildFile; fileRef = B17EF5DF1EA8948000BE2CF4 /* My1CollectionViewCell.swift */; };
		B18117B51EA5B4EC007A13A4 /* oneViewController.swift in Sources */ = {isa = PBXBuildFile; fileRef = B18117B41EA5B4EC007A13A4 /* oneViewController.swift */; };
		B18117B71EA5E325007A13A4 /* twoViewController.swift in Sources */ = {isa = PBXBuildFile; fileRef = B18117B61EA5E325007A13A4 /* twoViewController.swift */; };
		B18117B91EA5E44A007A13A4 /* threeViewController.swift in Sources */ = {isa = PBXBuildFile; fileRef = B18117B81EA5E44A007A13A4 /* threeViewController.swift */; };
		B18117BC1EA5E786007A13A4 /* LoginViewController.swift in Sources */ = {isa = PBXBuildFile; fileRef = B18117BB1EA5E786007A13A4 /* LoginViewController.swift */; };
		B18117BE1EA5E7BE007A13A4 /* RegisterViewController.swift in Sources */ = {isa = PBXBuildFile; fileRef = B18117BD1EA5E7BE007A13A4 /* RegisterViewController.swift */; };
		B18117C01EA5E7EB007A13A4 /* Login.storyboard in Resources */ = {isa = PBXBuildFile; fileRef = B18117BF1EA5E7EB007A13A4 /* Login.storyboard */; };
		B18117C81EA5F2C5007A13A4 /* login1.png in Resources */ = {isa = PBXBuildFile; fileRef = B18117C71EA5F2C5007A13A4 /* login1.png */; };
		B18117CA1EA60494007A13A4 /* 项目心得.rtf in Resources */ = {isa = PBXBuildFile; fileRef = B18117C91EA60493007A13A4 /* 项目心得.rtf */; };
		B18117CE1EA60B73007A13A4 /* XKeyBoard.m in Sources */ = {isa = PBXBuildFile; fileRef = B18117CD1EA60B73007A13A4 /* XKeyBoard.m */; };
		B1F5C4061E9E16890065ADA2 /* AppDelegate.swift in Sources */ = {isa = PBXBuildFile; fileRef = B1F5C4051E9E16890065ADA2 /* AppDelegate.swift */; };
		B1F5C40B1E9E16890065ADA2 /* Main.storyboard in Resources */ = {isa = PBXBuildFile; fileRef = B1F5C4091E9E16890065ADA2 /* Main.storyboard */; };
		B1F5C40D1E9E16890065ADA2 /* Assets.xcassets in Resources */ = {isa = PBXBuildFile; fileRef = B1F5C40C1E9E16890065ADA2 /* Assets.xcassets */; };
		B1F5C4101E9E16890065ADA2 /* LaunchScreen.storyboard in Resources */ = {isa = PBXBuildFile; fileRef = B1F5C40E1E9E16890065ADA2 /* LaunchScreen.storyboard */; };
		B1F5C4181E9E17690065ADA2 /* Podfile in Resources */ = {isa = PBXBuildFile; fileRef = B1F5C4171E9E17690065ADA2 /* Podfile */; };
		B1FAA7861EA8B5A700ED3A1F /* topCollectButtomView.swift in Sources */ = {isa = PBXBuildFile; fileRef = B1FAA7851EA8B5A700ED3A1F /* topCollectButtomView.swift */; };
		B1FAA78A1EA9E9E000ED3A1F /* FooterCollectionReusableView.swift in Sources */ = {isa = PBXBuildFile; fileRef = B1FAA7891EA9E9E000ED3A1F /* FooterCollectionReusableView.swift */; };
		B1FAA7911EADAEC500ED3A1F /* LXFMenuPageController.swift in Sources */ = {isa = PBXBuildFile; fileRef = B1FAA7901EADAEC500ED3A1F /* LXFMenuPageController.swift */; };
		B1FAA7F01EB0735700ED3A1F /* gps.json in Resources */ = {isa = PBXBuildFile; fileRef = B1FAA7EF1EB0735600ED3A1F /* gps.json */; };
		E695C917FFDC440437C4E06E /* Pods_GRTracker.framework in Frameworks */ = {isa = PBXBuildFile; fileRef = 675B286089734AD5DCAB6F74 /* Pods_GRTracker.framework */; };
/* End PBXBuildFile section */

/* Begin PBXFileReference section */
		675B286089734AD5DCAB6F74 /* Pods_GRTracker.framework */ = {isa = PBXFileReference; explicitFileType = wrapper.framework; includeInIndex = 0; path = Pods_GRTracker.framework; sourceTree = BUILT_PRODUCTS_DIR; };
		6BC7F1EAA47C5E2CDDD2B4E5 /* Pods-GRTracker.release.xcconfig */ = {isa = PBXFileReference; includeInIndex = 1; lastKnownFileType = text.xcconfig; name = "Pods-GRTracker.release.xcconfig"; path = "Pods/Target Support Files/Pods-GRTracker/Pods-GRTracker.release.xcconfig"; sourceTree = "<group>"; };
		84027305FA48D2A0B30C352A /* Pods-GRTracker.debug.xcconfig */ = {isa = PBXFileReference; includeInIndex = 1; lastKnownFileType = text.xcconfig; name = "Pods-GRTracker.debug.xcconfig"; path = "Pods/Target Support Files/Pods-GRTracker/Pods-GRTracker.debug.xcconfig"; sourceTree = "<group>"; };
		B1406FEB1EA6F7E000807323 /* ResetKeyViewController.swift */ = {isa = PBXFileReference; fileEncoding = 4; lastKnownFileType = sourcecode.swift; path = ResetKeyViewController.swift; sourceTree = "<group>"; };
		B1406FF01EA7033E00807323 /* userImage_NameCell.swift */ = {isa = PBXFileReference; fileEncoding = 4; lastKnownFileType = sourcecode.swift; path = userImage_NameCell.swift; sourceTree = "<group>"; };
		B154EBC61EBC06DE00F25E84 /* BaiduMapAPI_Base.framework */ = {isa = PBXFileReference; lastKnownFileType = wrapper.framework; name = BaiduMapAPI_Base.framework; path = Pods/BaiduMapKit/BaiduMapKit/BaiduMapAPI_Base.framework; sourceTree = "<group>"; };
		B154EBC71EBC06DE00F25E84 /* BaiduMapAPI_Location.framework */ = {isa = PBXFileReference; lastKnownFileType = wrapper.framework; name = BaiduMapAPI_Location.framework; path = Pods/BaiduMapKit/BaiduMapKit/BaiduMapAPI_Location.framework; sourceTree = "<group>"; };
		B154EBC81EBC06DE00F25E84 /* BaiduMapAPI_Search.framework */ = {isa = PBXFileReference; lastKnownFileType = wrapper.framework; name = BaiduMapAPI_Search.framework; path = Pods/BaiduMapKit/BaiduMapKit/BaiduMapAPI_Search.framework; sourceTree = "<group>"; };
		B154EBCC1EBC102E00F25E84 /* libcrypto.a */ = {isa = PBXFileReference; lastKnownFileType = archive.ar; name = libcrypto.a; path = Pods/BaiduMapKit/BaiduMapKit/thirdlibs/libcrypto.a; sourceTree = "<group>"; };
		B154EBCD1EBC102E00F25E84 /* libssl.a */ = {isa = PBXFileReference; lastKnownFileType = archive.ar; name = libssl.a; path = Pods/BaiduMapKit/BaiduMapKit/thirdlibs/libssl.a; sourceTree = "<group>"; };
		B17BD48C1EA04F4F00E6E0B9 /* CoreLocation.framework */ = {isa = PBXFileReference; lastKnownFileType = wrapper.framework; name = CoreLocation.framework; path = System/Library/Frameworks/CoreLocation.framework; sourceTree = SDKROOT; };
		B17BD48E1EA0505D00E6E0B9 /* GRTracker-Bridging-Header.h */ = {isa = PBXFileReference; lastKnownFileType = sourcecode.c.h; path = "GRTracker-Bridging-Header.h"; sourceTree = "<group>"; };
		B17BD4911EA050DA00E6E0B9 /* libsqlite3.0.tbd */ = {isa = PBXFileReference; lastKnownFileType = "sourcecode.text-based-dylib-definition"; name = libsqlite3.0.tbd; path = usr/lib/libsqlite3.0.tbd; sourceTree = SDKROOT; };
		B17BD4991EA0512500E6E0B9 /* QuartzCore.framework */ = {isa = PBXFileReference; lastKnownFileType = wrapper.framework; name = QuartzCore.framework; path = System/Library/Frameworks/QuartzCore.framework; sourceTree = SDKROOT; };
		B17BD49B1EA0513900E6E0B9 /* OpenGLES.framework */ = {isa = PBXFileReference; lastKnownFileType = wrapper.framework; name = OpenGLES.framework; path = System/Library/Frameworks/OpenGLES.framework; sourceTree = SDKROOT; };
		B17BD49D1EA0514400E6E0B9 /* SystemConfiguration.framework */ = {isa = PBXFileReference; lastKnownFileType = wrapper.framework; name = SystemConfiguration.framework; path = System/Library/Frameworks/SystemConfiguration.framework; sourceTree = SDKROOT; };
		B17BD49F1EA0515000E6E0B9 /* CoreGraphics.framework */ = {isa = PBXFileReference; lastKnownFileType = wrapper.framework; name = CoreGraphics.framework; path = System/Library/Frameworks/CoreGraphics.framework; sourceTree = SDKROOT; };
		B17BD4A11EA0516000E6E0B9 /* Security.framework */ = {isa = PBXFileReference; lastKnownFileType = wrapper.framework; name = Security.framework; path = System/Library/Frameworks/Security.framework; sourceTree = SDKROOT; };
		B17BD4A31EA0516B00E6E0B9 /* CoreTelephony.framework */ = {isa = PBXFileReference; lastKnownFileType = wrapper.framework; name = CoreTelephony.framework; path = System/Library/Frameworks/CoreTelephony.framework; sourceTree = SDKROOT; };
		B17BD4A51EA0517B00E6E0B9 /* libstdc++.6.0.9.tbd */ = {isa = PBXFileReference; lastKnownFileType = "sourcecode.text-based-dylib-definition"; name = "libstdc++.6.0.9.tbd"; path = "usr/lib/libstdc++.6.0.9.tbd"; sourceTree = SDKROOT; };
		B17BD4AB1EA0CCE500E6E0B9 /* config.swift */ = {isa = PBXFileReference; fileEncoding = 4; lastKnownFileType = sourcecode.swift; path = config.swift; sourceTree = "<group>"; };
		B17BD4B01EA0CDCD00E6E0B9 /* MonitorViewController.swift */ = {isa = PBXFileReference; fileEncoding = 4; lastKnownFileType = sourcecode.swift; path = MonitorViewController.swift; sourceTree = "<group>"; };
		B17BD4B51EA0CE0500E6E0B9 /* MineViewController.swift */ = {isa = PBXFileReference; fileEncoding = 4; lastKnownFileType = sourcecode.swift; path = MineViewController.swift; sourceTree = "<group>"; };
		B17BD4B71EA0CE1A00E6E0B9 /* SettingViewController.swift */ = {isa = PBXFileReference; fileEncoding = 4; lastKnownFileType = sourcecode.swift; path = SettingViewController.swift; sourceTree = "<group>"; };
		B17EF5DB1EA8782E00BE2CF4 /* HeaderReusableView.swift */ = {isa = PBXFileReference; fileEncoding = 4; lastKnownFileType = sourcecode.swift; path = HeaderReusableView.swift; sourceTree = "<group>"; };
		B17EF5DF1EA8948000BE2CF4 /* My1CollectionViewCell.swift */ = {isa = PBXFileReference; fileEncoding = 4; lastKnownFileType = sourcecode.swift; path = My1CollectionViewCell.swift; sourceTree = "<group>"; };
		B18117B41EA5B4EC007A13A4 /* oneViewController.swift */ = {isa = PBXFileReference; fileEncoding = 4; lastKnownFileType = sourcecode.swift; path = oneViewController.swift; sourceTree = "<group>"; };
		B18117B61EA5E325007A13A4 /* twoViewController.swift */ = {isa = PBXFileReference; fileEncoding = 4; lastKnownFileType = sourcecode.swift; path = twoViewController.swift; sourceTree = "<group>"; };
		B18117B81EA5E44A007A13A4 /* threeViewController.swift */ = {isa = PBXFileReference; fileEncoding = 4; lastKnownFileType = sourcecode.swift; path = threeViewController.swift; sourceTree = "<group>"; };
		B18117BB1EA5E786007A13A4 /* LoginViewController.swift */ = {isa = PBXFileReference; fileEncoding = 4; lastKnownFileType = sourcecode.swift; path = LoginViewController.swift; sourceTree = "<group>"; };
		B18117BD1EA5E7BE007A13A4 /* RegisterViewController.swift */ = {isa = PBXFileReference; fileEncoding = 4; lastKnownFileType = sourcecode.swift; path = RegisterViewController.swift; sourceTree = "<group>"; };
		B18117BF1EA5E7EB007A13A4 /* Login.storyboard */ = {isa = PBXFileReference; fileEncoding = 4; lastKnownFileType = file.storyboard; path = Login.storyboard; sourceTree = "<group>"; };
		B18117C71EA5F2C5007A13A4 /* login1.png */ = {isa = PBXFileReference; lastKnownFileType = image.png; path = login1.png; sourceTree = "<group>"; };
		B18117C91EA60493007A13A4 /* 项目心得.rtf */ = {isa = PBXFileReference; fileEncoding = 4; lastKnownFileType = text.rtf; path = "项目心得.rtf"; sourceTree = "<group>"; };
		B18117CC1EA60B73007A13A4 /* XKeyBoard.h */ = {isa = PBXFileReference; fileEncoding = 4; lastKnownFileType = sourcecode.c.h; path = XKeyBoard.h; sourceTree = "<group>"; };
		B18117CD1EA60B73007A13A4 /* XKeyBoard.m */ = {isa = PBXFileReference; fileEncoding = 4; lastKnownFileType = sourcecode.c.objc; path = XKeyBoard.m; sourceTree = "<group>"; };
		B1F5C4021E9E16890065ADA2 /* GRTracker.app */ = {isa = PBXFileReference; explicitFileType = wrapper.application; includeInIndex = 0; path = GRTracker.app; sourceTree = BUILT_PRODUCTS_DIR; };
		B1F5C4051E9E16890065ADA2 /* AppDelegate.swift */ = {isa = PBXFileReference; lastKnownFileType = sourcecode.swift; path = AppDelegate.swift; sourceTree = "<group>"; };
		B1F5C40A1E9E16890065ADA2 /* Base */ = {isa = PBXFileReference; lastKnownFileType = file.storyboard; name = Base; path = Base.lproj/Main.storyboard; sourceTree = "<group>"; };
		B1F5C40C1E9E16890065ADA2 /* Assets.xcassets */ = {isa = PBXFileReference; lastKnownFileType = folder.assetcatalog; path = Assets.xcassets; sourceTree = "<group>"; };
		B1F5C40F1E9E16890065ADA2 /* Base */ = {isa = PBXFileReference; lastKnownFileType = file.storyboard; name = Base; path = Base.lproj/LaunchScreen.storyboard; sourceTree = "<group>"; };
		B1F5C4111E9E16890065ADA2 /* Info.plist */ = {isa = PBXFileReference; lastKnownFileType = text.plist.xml; path = Info.plist; sourceTree = "<group>"; };
		B1F5C4171E9E17690065ADA2 /* Podfile */ = {isa = PBXFileReference; fileEncoding = 4; lastKnownFileType = text; path = Podfile; sourceTree = "<group>"; xcLanguageSpecificationIdentifier = xcode.lang.ruby; };
		B1FAA7851EA8B5A700ED3A1F /* topCollectButtomView.swift */ = {isa = PBXFileReference; fileEncoding = 4; lastKnownFileType = sourcecode.swift; path = topCollectButtomView.swift; sourceTree = "<group>"; };
		B1FAA7891EA9E9E000ED3A1F /* FooterCollectionReusableView.swift */ = {isa = PBXFileReference; fileEncoding = 4; lastKnownFileType = sourcecode.swift; path = FooterCollectionReusableView.swift; sourceTree = "<group>"; };
		B1FAA7901EADAEC500ED3A1F /* LXFMenuPageController.swift */ = {isa = PBXFileReference; fileEncoding = 4; lastKnownFileType = sourcecode.swift; path = LXFMenuPageController.swift; sourceTree = "<group>"; };
		B1FAA7EF1EB0735600ED3A1F /* gps.json */ = {isa = PBXFileReference; fileEncoding = 4; lastKnownFileType = text.json; path = gps.json; sourceTree = "<group>"; };
/* End PBXFileReference section */

/* Begin PBXFrameworksBuildPhase section */
		B1F5C3FF1E9E16890065ADA2 /* Frameworks */ = {
			isa = PBXFrameworksBuildPhase;
			buildActionMask = 2147483647;
			files = (
				B154EBCE1EBC102E00F25E84 /* libcrypto.a in Frameworks */,
				B154EBCF1EBC102E00F25E84 /* libssl.a in Frameworks */,
				B154EBC91EBC06DE00F25E84 /* BaiduMapAPI_Base.framework in Frameworks */,
				B154EBCA1EBC06DE00F25E84 /* BaiduMapAPI_Location.framework in Frameworks */,
				B154EBCB1EBC06DE00F25E84 /* BaiduMapAPI_Search.framework in Frameworks */,
				B17BD4A61EA0517B00E6E0B9 /* libstdc++.6.0.9.tbd in Frameworks */,
				B17BD4A41EA0516B00E6E0B9 /* CoreTelephony.framework in Frameworks */,
				B17BD4A21EA0516000E6E0B9 /* Security.framework in Frameworks */,
				B17BD4A01EA0515000E6E0B9 /* CoreGraphics.framework in Frameworks */,
				B17BD49E1EA0514400E6E0B9 /* SystemConfiguration.framework in Frameworks */,
				B17BD49C1EA0513900E6E0B9 /* OpenGLES.framework in Frameworks */,
				B17BD49A1EA0512500E6E0B9 /* QuartzCore.framework in Frameworks */,
				B17BD4921EA050DA00E6E0B9 /* libsqlite3.0.tbd in Frameworks */,
				B17BD48D1EA04F4F00E6E0B9 /* CoreLocation.framework in Frameworks */,
				E695C917FFDC440437C4E06E /* Pods_GRTracker.framework in Frameworks */,
			);
			runOnlyForDeploymentPostprocessing = 0;
		};
/* End PBXFrameworksBuildPhase section */

/* Begin PBXGroup section */
		5D3CEBD97D2AA98A1A5F5836 /* Pods */ = {
			isa = PBXGroup;
			children = (
				84027305FA48D2A0B30C352A /* Pods-GRTracker.debug.xcconfig */,
				6BC7F1EAA47C5E2CDDD2B4E5 /* Pods-GRTracker.release.xcconfig */,
			);
			name = Pods;
			sourceTree = "<group>";
		};
		B1406FED1EA7031600807323 /* C */ = {
			isa = PBXGroup;
			children = (
				B17BD4B51EA0CE0500E6E0B9 /* MineViewController.swift */,
			);
			name = C;
			sourceTree = "<group>";
		};
		B1406FEE1EA7031A00807323 /* V */ = {
			isa = PBXGroup;
			children = (
			);
			name = V;
			sourceTree = "<group>";
		};
		B1406FEF1EA7031C00807323 /* M */ = {
			isa = PBXGroup;
			children = (
				B1406FF01EA7033E00807323 /* userImage_NameCell.swift */,
			);
			name = M;
			sourceTree = "<group>";
		};
		B17BD4AD1EA0CD0700E6E0B9 /* 个人页 */ = {
			isa = PBXGroup;
			children = (
				B1406FEF1EA7031C00807323 /* M */,
				B1406FEE1EA7031A00807323 /* V */,
				B1406FED1EA7031600807323 /* C */,
			);
			name = "个人页";
			sourceTree = "<group>";
		};
		B17BD4AE1EA0CD1500E6E0B9 /* 监控页 */ = {
			isa = PBXGroup;
			children = (
				B17BD4B41EA0CDEC00E6E0B9 /* C */,
				B17BD4B31EA0CDE400E6E0B9 /* V */,
				B17BD4B21EA0CDDA00E6E0B9 /* M */,
			);
			name = "监控页";
			sourceTree = "<group>";
		};
		B17BD4AF1EA0CD5B00E6E0B9 /* 设置页 */ = {
			isa = PBXGroup;
			children = (
				B17EF5DD1EA8783C00BE2CF4 /* M */,
				B17EF5DE1EA8784900BE2CF4 /* C */,
				B17EF5DA1EA8782100BE2CF4 /* V */,
			);
			name = "设置页";
			sourceTree = "<group>";
		};
		B17BD4B21EA0CDDA00E6E0B9 /* M */ = {
			isa = PBXGroup;
			children = (
			);
			name = M;
			sourceTree = "<group>";
		};
		B17BD4B31EA0CDE400E6E0B9 /* V */ = {
			isa = PBXGroup;
			children = (
				B1FAA7851EA8B5A700ED3A1F /* topCollectButtomView.swift */,
				B17EF5DF1EA8948000BE2CF4 /* My1CollectionViewCell.swift */,
				B17EF5DB1EA8782E00BE2CF4 /* HeaderReusableView.swift */,
				B1FAA7891EA9E9E000ED3A1F /* FooterCollectionReusableView.swift */,
			);
			name = V;
			sourceTree = "<group>";
		};
		B17BD4B41EA0CDEC00E6E0B9 /* C */ = {
			isa = PBXGroup;
			children = (
				B17BD4B01EA0CDCD00E6E0B9 /* MonitorViewController.swift */,
			);
			name = C;
			sourceTree = "<group>";
		};
		B17EF5DA1EA8782100BE2CF4 /* V */ = {
			isa = PBXGroup;
			children = (
			);
			name = V;
			sourceTree = "<group>";
		};
		B17EF5DD1EA8783C00BE2CF4 /* M */ = {
			isa = PBXGroup;
			children = (
			);
			name = M;
			sourceTree = "<group>";
		};
		B17EF5DE1EA8784900BE2CF4 /* C */ = {
			isa = PBXGroup;
			children = (
				B17BD4B71EA0CE1A00E6E0B9 /* SettingViewController.swift */,
				B18117B41EA5B4EC007A13A4 /* oneViewController.swift */,
				B18117B61EA5E325007A13A4 /* twoViewController.swift */,
				B18117B81EA5E44A007A13A4 /* threeViewController.swift */,
			);
			name = C;
			sourceTree = "<group>";
		};
		B18117A01EA5A1FE007A13A4 /* 3d Source */ = {
			isa = PBXGroup;
			children = (
				B1FAA78F1EADAEC500ED3A1F /* LXFMenuPageController */,
				B18117CB1EA60B73007A13A4 /* XKeyBoard */,
			);
			name = "3d Source";
			sourceTree = "<group>";
		};
		B18117BA1EA5E754007A13A4 /* 登录页 */ = {
			isa = PBXGroup;
			children = (
				B18117BF1EA5E7EB007A13A4 /* Login.storyboard */,
				B18117BB1EA5E786007A13A4 /* LoginViewController.swift */,
				B18117BD1EA5E7BE007A13A4 /* RegisterViewController.swift */,
				B1406FEB1EA6F7E000807323 /* ResetKeyViewController.swift */,
			);
			name = "登录页";
			sourceTree = "<group>";
		};
		B18117C11EA5EB24007A13A4 /* 资源库 */ = {
			isa = PBXGroup;
			children = (
				B18117C21EA5EB36007A13A4 /* image */,
			);
			name = "资源库";
			sourceTree = "<group>";
		};
		B18117C21EA5EB36007A13A4 /* image */ = {
			isa = PBXGroup;
			children = (
				B18117C71EA5F2C5007A13A4 /* login1.png */,
			);
			name = image;
			sourceTree = "<group>";
		};
		B18117CB1EA60B73007A13A4 /* XKeyBoard */ = {
			isa = PBXGroup;
			children = (
				B18117CC1EA60B73007A13A4 /* XKeyBoard.h */,
				B18117CD1EA60B73007A13A4 /* XKeyBoard.m */,
			);
			path = XKeyBoard;
			sourceTree = "<group>";
		};
		B1F5C3F91E9E16890065ADA2 = {
			isa = PBXGroup;
			children = (
				B18117C91EA60493007A13A4 /* 项目心得.rtf */,
				B1F5C4171E9E17690065ADA2 /* Podfile */,
				B1FAA7EF1EB0735600ED3A1F /* gps.json */,
				B17BD48E1EA0505D00E6E0B9 /* GRTracker-Bridging-Header.h */,
				B1F5C4041E9E16890065ADA2 /* GRTracker */,
				B1F5C4031E9E16890065ADA2 /* Products */,
				5D3CEBD97D2AA98A1A5F5836 /* Pods */,
				E1D5E6E87B7E53955DCEAF74 /* Frameworks */,
			);
			sourceTree = "<group>";
		};
		B1F5C4031E9E16890065ADA2 /* Products */ = {
			isa = PBXGroup;
			children = (
				B1F5C4021E9E16890065ADA2 /* GRTracker.app */,
			);
			name = Products;
			sourceTree = "<group>";
		};
		B1F5C4041E9E16890065ADA2 /* GRTracker */ = {
			isa = PBXGroup;
			children = (
				B18117C11EA5EB24007A13A4 /* 资源库 */,
				B18117BA1EA5E754007A13A4 /* 登录页 */,
				B18117A01EA5A1FE007A13A4 /* 3d Source */,
				B17BD4AE1EA0CD1500E6E0B9 /* 监控页 */,
				B17BD4AF1EA0CD5B00E6E0B9 /* 设置页 */,
				B17BD4AD1EA0CD0700E6E0B9 /* 个人页 */,
				B1F5C4051E9E16890065ADA2 /* AppDelegate.swift */,
				B1F5C4091E9E16890065ADA2 /* Main.storyboard */,
				B1F5C40C1E9E16890065ADA2 /* Assets.xcassets */,
				B1F5C40E1E9E16890065ADA2 /* LaunchScreen.storyboard */,
				B1F5C4111E9E16890065ADA2 /* Info.plist */,
				B17BD4AB1EA0CCE500E6E0B9 /* config.swift */,
			);
			path = GRTracker;
			sourceTree = "<group>";
		};
		B1FAA78F1EADAEC500ED3A1F /* LXFMenuPageController */ = {
			isa = PBXGroup;
			children = (
				B1FAA7901EADAEC500ED3A1F /* LXFMenuPageController.swift */,
			);
			path = LXFMenuPageController;
			sourceTree = "<group>";
		};
		E1D5E6E87B7E53955DCEAF74 /* Frameworks */ = {
			isa = PBXGroup;
			children = (
				B154EBCC1EBC102E00F25E84 /* libcrypto.a */,
				B154EBCD1EBC102E00F25E84 /* libssl.a */,
				B154EBC61EBC06DE00F25E84 /* BaiduMapAPI_Base.framework */,
				B154EBC71EBC06DE00F25E84 /* BaiduMapAPI_Location.framework */,
				B154EBC81EBC06DE00F25E84 /* BaiduMapAPI_Search.framework */,
				B17BD4A51EA0517B00E6E0B9 /* libstdc++.6.0.9.tbd */,
				B17BD4A31EA0516B00E6E0B9 /* CoreTelephony.framework */,
				B17BD4A11EA0516000E6E0B9 /* Security.framework */,
				B17BD49F1EA0515000E6E0B9 /* CoreGraphics.framework */,
				B17BD49D1EA0514400E6E0B9 /* SystemConfiguration.framework */,
				B17BD49B1EA0513900E6E0B9 /* OpenGLES.framework */,
				B17BD4991EA0512500E6E0B9 /* QuartzCore.framework */,
				B17BD4911EA050DA00E6E0B9 /* libsqlite3.0.tbd */,
				B17BD48C1EA04F4F00E6E0B9 /* CoreLocation.framework */,
				675B286089734AD5DCAB6F74 /* Pods_GRTracker.framework */,
			);
			name = Frameworks;
			sourceTree = "<group>";
		};
/* End PBXGroup section */

/* Begin PBXNativeTarget section */
		B1F5C4011E9E16890065ADA2 /* GRTracker */ = {
			isa = PBXNativeTarget;
			buildConfigurationList = B1F5C4141E9E16890065ADA2 /* Build configuration list for PBXNativeTarget "GRTracker" */;
			buildPhases = (
				5B351346B61E563E33E6B5E7 /* [CP] Check Pods Manifest.lock */,
				B1F5C3FE1E9E16890065ADA2 /* Sources */,
				B1F5C3FF1E9E16890065ADA2 /* Frameworks */,
				B1F5C4001E9E16890065ADA2 /* Resources */,
				390872629E3A9C7AFF0ECB43 /* [CP] Embed Pods Frameworks */,
				A62C6FFFC079C66345D8DE3E /* [CP] Copy Pods Resources */,
			);
			buildRules = (
			);
			dependencies = (
			);
			name = GRTracker;
			productName = GRTracker;
			productReference = B1F5C4021E9E16890065ADA2 /* GRTracker.app */;
			productType = "com.apple.product-type.application";
		};
/* End PBXNativeTarget section */

/* Begin PBXProject section */
		B1F5C3FA1E9E16890065ADA2 /* Project object */ = {
			isa = PBXProject;
			attributes = {
				LastSwiftUpdateCheck = 0820;
				LastUpgradeCheck = 0820;
				ORGANIZATIONNAME = "革码者";
				TargetAttributes = {
					B1F5C4011E9E16890065ADA2 = {
						CreatedOnToolsVersion = 8.2.1;
						DevelopmentTeam = WFYM3T82FX;
						LastSwiftMigration = 0820;
						ProvisioningStyle = Automatic;
					};
				};
			};
			buildConfigurationList = B1F5C3FD1E9E16890065ADA2 /* Build configuration list for PBXProject "GRTracker" */;
			compatibilityVersion = "Xcode 3.2";
			developmentRegion = English;
			hasScannedForEncodings = 0;
			knownRegions = (
				en,
				Base,
			);
			mainGroup = B1F5C3F91E9E16890065ADA2;
			productRefGroup = B1F5C4031E9E16890065ADA2 /* Products */;
			projectDirPath = "";
			projectRoot = "";
			targets = (
				B1F5C4011E9E16890065ADA2 /* GRTracker */,
			);
		};
/* End PBXProject section */

/* Begin PBXResourcesBuildPhase section */
		B1F5C4001E9E16890065ADA2 /* Resources */ = {
			isa = PBXResourcesBuildPhase;
			buildActionMask = 2147483647;
			files = (
				B1F5C4101E9E16890065ADA2 /* LaunchScreen.storyboard in Resources */,
				B1F5C40D1E9E16890065ADA2 /* Assets.xcassets in Resources */,
				B1FAA7F01EB0735700ED3A1F /* gps.json in Resources */,
				B1F5C4181E9E17690065ADA2 /* Podfile in Resources */,
				B18117C01EA5E7EB007A13A4 /* Login.storyboard in Resources */,
				B18117CA1EA60494007A13A4 /* 项目心得.rtf in Resources */,
				B1F5C40B1E9E16890065ADA2 /* Main.storyboard in Resources */,
				B18117C81EA5F2C5007A13A4 /* login1.png in Resources */,
			);
			runOnlyForDeploymentPostprocessing = 0;
		};
/* End PBXResourcesBuildPhase section */

/* Begin PBXShellScriptBuildPhase section */
		390872629E3A9C7AFF0ECB43 /* [CP] Embed Pods Frameworks */ = {
			isa = PBXShellScriptBuildPhase;
			buildActionMask = 2147483647;
			files = (
			);
			inputPaths = (
			);
			name = "[CP] Embed Pods Frameworks";
			outputPaths = (
			);
			runOnlyForDeploymentPostprocessing = 0;
			shellPath = /bin/sh;
			shellScript = "\"${SRCROOT}/Pods/Target Support Files/Pods-GRTracker/Pods-GRTracker-frameworks.sh\"\n";
			showEnvVarsInLog = 0;
		};
		5B351346B61E563E33E6B5E7 /* [CP] Check Pods Manifest.lock */ = {
			isa = PBXShellScriptBuildPhase;
			buildActionMask = 2147483647;
			files = (
			);
			inputPaths = (
			);
			name = "[CP] Check Pods Manifest.lock";
			outputPaths = (
			);
			runOnlyForDeploymentPostprocessing = 0;
			shellPath = /bin/sh;
			shellScript = "diff \"${PODS_ROOT}/../Podfile.lock\" \"${PODS_ROOT}/Manifest.lock\" > /dev/null\nif [ $? != 0 ] ; then\n    # print error to STDERR\n    echo \"error: The sandbox is not in sync with the Podfile.lock. Run 'pod install' or update your CocoaPods installation.\" >&2\n    exit 1\nfi\n";
			showEnvVarsInLog = 0;
		};
		A62C6FFFC079C66345D8DE3E /* [CP] Copy Pods Resources */ = {
			isa = PBXShellScriptBuildPhase;
			buildActionMask = 2147483647;
			files = (
			);
			inputPaths = (
			);
			name = "[CP] Copy Pods Resources";
			outputPaths = (
			);
			runOnlyForDeploymentPostprocessing = 0;
			shellPath = /bin/sh;
			shellScript = "\"${SRCROOT}/Pods/Target Support Files/Pods-GRTracker/Pods-GRTracker-resources.sh\"\n";
			showEnvVarsInLog = 0;
		};
/* End PBXShellScriptBuildPhase section */

/* Begin PBXSourcesBuildPhase section */
		B1F5C3FE1E9E16890065ADA2 /* Sources */ = {
			isa = PBXSourcesBuildPhase;
			buildActionMask = 2147483647;
			files = (
				B18117BC1EA5E786007A13A4 /* LoginViewController.swift in Sources */,
				B1406FF11EA7033E00807323 /* userImage_NameCell.swift in Sources */,
				B18117B91EA5E44A007A13A4 /* threeViewController.swift in Sources */,
				B17BD4AC1EA0CCE500E6E0B9 /* config.swift in Sources */,
				B18117B71EA5E325007A13A4 /* twoViewController.swift in Sources */,
				B17BD4B11EA0CDCD00E6E0B9 /* MonitorViewController.swift in Sources */,
				B18117BE1EA5E7BE007A13A4 /* RegisterViewController.swift in Sources */,
				B1406FEC1EA6F7E000807323 /* ResetKeyViewController.swift in Sources */,
				B17EF5DC1EA8782E00BE2CF4 /* HeaderReusableView.swift in Sources */,
				B1FAA7911EADAEC500ED3A1F /* LXFMenuPageController.swift in Sources */,
				B18117B51EA5B4EC007A13A4 /* oneViewController.swift in Sources */,
				B1F5C4061E9E16890065ADA2 /* AppDelegate.swift in Sources */,
				B1FAA78A1EA9E9E000ED3A1F /* FooterCollectionReusableView.swift in Sources */,
				B1FAA7861EA8B5A700ED3A1F /* topCollectButtomView.swift in Sources */,
				B17EF5E01EA8948000BE2CF4 /* My1CollectionViewCell.swift in Sources */,
				B17BD4B61EA0CE0500E6E0B9 /* MineViewController.swift in Sources */,
				B17BD4B81EA0CE1A00E6E0B9 /* SettingViewController.swift in Sources */,
				B18117CE1EA60B73007A13A4 /* XKeyBoard.m in Sources */,
			);
			runOnlyForDeploymentPostprocessing = 0;
		};
/* End PBXSourcesBuildPhase section */

/* Begin PBXVariantGroup section */
		B1F5C4091E9E16890065ADA2 /* Main.storyboard */ = {
			isa = PBXVariantGroup;
			children = (
				B1F5C40A1E9E16890065ADA2 /* Base */,
			);
			name = Main.storyboard;
			sourceTree = "<group>";
		};
		B1F5C40E1E9E16890065ADA2 /* LaunchScreen.storyboard */ = {
			isa = PBXVariantGroup;
			children = (
				B1F5C40F1E9E16890065ADA2 /* Base */,
			);
			name = LaunchScreen.storyboard;
			sourceTree = "<group>";
		};
/* End PBXVariantGroup section */

/* Begin XCBuildConfiguration section */
		B1F5C4121E9E16890065ADA2 /* Debug */ = {
			isa = XCBuildConfiguration;
			buildSettings = {
				ALWAYS_SEARCH_USER_PATHS = NO;
				CLANG_ANALYZER_NONNULL = YES;
				CLANG_CXX_LANGUAGE_STANDARD = "gnu++0x";
				CLANG_CXX_LIBRARY = "libc++";
				CLANG_ENABLE_MODULES = YES;
				CLANG_ENABLE_OBJC_ARC = YES;
				CLANG_WARN_BOOL_CONVERSION = YES;
				CLANG_WARN_CONSTANT_CONVERSION = YES;
				CLANG_WARN_DIRECT_OBJC_ISA_USAGE = YES_ERROR;
				CLANG_WARN_DOCUMENTATION_COMMENTS = YES;
				CLANG_WARN_EMPTY_BODY = YES;
				CLANG_WARN_ENUM_CONVERSION = YES;
				CLANG_WARN_INFINITE_RECURSION = YES;
				CLANG_WARN_INT_CONVERSION = YES;
				CLANG_WARN_OBJC_ROOT_CLASS = YES_ERROR;
				CLANG_WARN_SUSPICIOUS_MOVE = YES;
				CLANG_WARN_UNREACHABLE_CODE = YES;
				CLANG_WARN__DUPLICATE_METHOD_MATCH = YES;
				"CODE_SIGN_IDENTITY[sdk=iphoneos*]" = "iPhone Developer";
				COPY_PHASE_STRIP = NO;
				DEBUG_INFORMATION_FORMAT = dwarf;
				ENABLE_STRICT_OBJC_MSGSEND = YES;
				ENABLE_TESTABILITY = YES;
				GCC_C_LANGUAGE_STANDARD = gnu99;
				GCC_DYNAMIC_NO_PIC = NO;
				GCC_NO_COMMON_BLOCKS = YES;
				GCC_OPTIMIZATION_LEVEL = 0;
				GCC_PREPROCESSOR_DEFINITIONS = (
					"DEBUG=1",
					"$(inherited)",
				);
				GCC_WARN_64_TO_32_BIT_CONVERSION = YES;
				GCC_WARN_ABOUT_RETURN_TYPE = YES_ERROR;
				GCC_WARN_UNDECLARED_SELECTOR = YES;
				GCC_WARN_UNINITIALIZED_AUTOS = YES_AGGRESSIVE;
				GCC_WARN_UNUSED_FUNCTION = YES;
				GCC_WARN_UNUSED_VARIABLE = YES;
				IPHONEOS_DEPLOYMENT_TARGET = 10.2;
				MTL_ENABLE_DEBUG_INFO = YES;
				ONLY_ACTIVE_ARCH = YES;
				SDKROOT = iphoneos;
				SWIFT_ACTIVE_COMPILATION_CONDITIONS = DEBUG;
				SWIFT_OPTIMIZATION_LEVEL = "-Onone";
			};
			name = Debug;
		};
		B1F5C4131E9E16890065ADA2 /* Release */ = {
			isa = XCBuildConfiguration;
			buildSettings = {
				ALWAYS_SEARCH_USER_PATHS = NO;
				CLANG_ANALYZER_NONNULL = YES;
				CLANG_CXX_LANGUAGE_STANDARD = "gnu++0x";
				CLANG_CXX_LIBRARY = "libc++";
				CLANG_ENABLE_MODULES = YES;
				CLANG_ENABLE_OBJC_ARC = YES;
				CLANG_WARN_BOOL_CONVERSION = YES;
				CLANG_WARN_CONSTANT_CONVERSION = YES;
				CLANG_WARN_DIRECT_OBJC_ISA_USAGE = YES_ERROR;
				CLANG_WARN_DOCUMENTATION_COMMENTS = YES;
				CLANG_WARN_EMPTY_BODY = YES;
				CLANG_WARN_ENUM_CONVERSION = YES;
				CLANG_WARN_INFINITE_RECURSION = YES;
				CLANG_WARN_INT_CONVERSION = YES;
				CLANG_WARN_OBJC_ROOT_CLASS = YES_ERROR;
				CLANG_WARN_SUSPICIOUS_MOVE = YES;
				CLANG_WARN_UNREACHABLE_CODE = YES;
				CLANG_WARN__DUPLICATE_METHOD_MATCH = YES;
				"CODE_SIGN_IDENTITY[sdk=iphoneos*]" = "iPhone Developer";
				COPY_PHASE_STRIP = NO;
				DEBUG_INFORMATION_FORMAT = "dwarf-with-dsym";
				ENABLE_NS_ASSERTIONS = NO;
				ENABLE_STRICT_OBJC_MSGSEND = YES;
				GCC_C_LANGUAGE_STANDARD = gnu99;
				GCC_NO_COMMON_BLOCKS = YES;
				GCC_WARN_64_TO_32_BIT_CONVERSION = YES;
				GCC_WARN_ABOUT_RETURN_TYPE = YES_ERROR;
				GCC_WARN_UNDECLARED_SELECTOR = YES;
				GCC_WARN_UNINITIALIZED_AUTOS = YES_AGGRESSIVE;
				GCC_WARN_UNUSED_FUNCTION = YES;
				GCC_WARN_UNUSED_VARIABLE = YES;
				IPHONEOS_DEPLOYMENT_TARGET = 10.2;
				MTL_ENABLE_DEBUG_INFO = NO;
				SDKROOT = iphoneos;
				SWIFT_OPTIMIZATION_LEVEL = "-Owholemodule";
				VALIDATE_PRODUCT = YES;
			};
			name = Release;
		};
		B1F5C4151E9E16890065ADA2 /* Debug */ = {
			isa = XCBuildConfiguration;
			baseConfigurationReference = 84027305FA48D2A0B30C352A /* Pods-GRTracker.debug.xcconfig */;
			buildSettings = {
				ASSETCATALOG_COMPILER_APPICON_NAME = AppIcon;
				CLANG_ENABLE_MODULES = YES;
				DEVELOPMENT_TEAM = WFYM3T82FX;
				FRAMEWORK_SEARCH_PATHS = (
					"$(inherited)",
					"$(PROJECT_DIR)/Pods/BaiduMapKit/BaiduMapKit",
				);
				GCC_INPUT_FILETYPE = sourcecode.cpp.objcpp;
				INFOPLIST_FILE = GRTracker/Info.plist;
				IPHONEOS_DEPLOYMENT_TARGET = 10.3;
				LD_RUNPATH_SEARCH_PATHS = "$(inherited) @executable_path/Frameworks";
				LIBRARY_SEARCH_PATHS = (
					"$(inherited)",
					"$(PROJECT_DIR)/Pods/BaiduMapKit/BaiduMapKit/thirdlibs",
				);
				OTHER_SWIFT_FLAGS = "";
				PRODUCT_BUNDLE_IDENTIFIER = Grandre.GRTracker;
				PRODUCT_NAME = "$(TARGET_NAME)";
				SWIFT_OBJC_BRIDGING_HEADER = "GRTracker-Bridging-Header.h";
				SWIFT_OPTIMIZATION_LEVEL = "-Onone";
				SWIFT_VERSION = 3.0;
			};
			name = Debug;
		};
		B1F5C4161E9E16890065ADA2 /* Release */ = {
			isa = XCBuildConfiguration;
			baseConfigurationReference = 6BC7F1EAA47C5E2CDDD2B4E5 /* Pods-GRTracker.release.xcconfig */;
			buildSettings = {
				ASSETCATALOG_COMPILER_APPICON_NAME = AppIcon;
				CLANG_ENABLE_MODULES = YES;
				DEVELOPMENT_TEAM = WFYM3T82FX;
				FRAMEWORK_SEARCH_PATHS = (
					"$(inherited)",
					"$(PROJECT_DIR)/Pods/BaiduMapKit/BaiduMapKit",
				);
				GCC_INPUT_FILETYPE = sourcecode.cpp.objcpp;
				INFOPLIST_FILE = GRTracker/Info.plist;
				IPHONEOS_DEPLOYMENT_TARGET = 10.3;
				LD_RUNPATH_SEARCH_PATHS = "$(inherited) @executable_path/Frameworks";
				LIBRARY_SEARCH_PATHS = (
					"$(inherited)",
					"$(PROJECT_DIR)/Pods/BaiduMapKit/BaiduMapKit/thirdlibs",
				);
				OTHER_SWIFT_FLAGS = "";
				PRODUCT_BUNDLE_IDENTIFIER = Grandre.GRTracker;
				PRODUCT_NAME = "$(TARGET_NAME)";
				SWIFT_OBJC_BRIDGING_HEADER = "GRTracker-Bridging-Header.h";
				SWIFT_VERSION = 3.0;
			};
			name = Release;
		};
/* End XCBuildConfiguration section */

/* Begin XCConfigurationList section */
		B1F5C3FD1E9E16890065ADA2 /* Build configuration list for PBXProject "GRTracker" */ = {
			isa = XCConfigurationList;
			buildConfigurations = (
				B1F5C4121E9E16890065ADA2 /* Debug */,
				B1F5C4131E9E16890065ADA2 /* Release */,
			);
			defaultConfigurationIsVisible = 0;
			defaultConfigurationName = Release;
		};
		B1F5C4141E9E16890065ADA2 /* Build configuration list for PBXNativeTarget "GRTracker" */ = {
			isa = XCConfigurationList;
			buildConfigurations = (
				B1F5C4151E9E16890065ADA2 /* Debug */,
				B1F5C4161E9E16890065ADA2 /* Release */,
			);
			defaultConfigurationIsVisible = 0;
			defaultConfigurationName = Release;
		};
/* End XCConfigurationList section */
	};
	rootObject = B1F5C3FA1E9E16890065ADA2 /* Project object */;
}
